
Microsoft Visual Studio Solution File, Format Version 12.00
# Visual Studio Version 17
VisualStudioVersion = 17.2.32505.173
MinimumVisualStudioVersion = 10.0.40219.1
Project("{8BC9CEB8-8B4A-11D0-8D11-00A0C91BC942}") = "6ht_march", "6ht_march\6ht_march.vcxproj", "{68B6F2EF-2164-40AB-A7AA-161E8982E3CC}"
EndProject
Global
	GlobalSection(SolutionConfigurationPlatforms) = preSolution
		Debug|x64 = Debug|x64
		Debug|x86 = Debug|x86
		Release|x64 = Release|x64
		Release|x86 = Release|x86
	EndGlobalSection
	GlobalSection(ProjectConfigurationPlatforms) = postSolution
		{68B6F2EF-2164-40AB-A7AA-161E8982E3CC}.Debug|x64.ActiveCfg = Debug|x64
		{68B6F2EF-2164-40AB-A7AA-161E8982E3CC}.Debug|x64.Build.0 = Debug|x64
		{68B6F2EF-2164-40AB-A7AA-161E8982E3CC}.Debug|x86.ActiveCfg = Debug|Win32
		{68B6F2EF-2164-40AB-A7AA-161E8982E3CC}.Debug|x86.Build.0 = Debug|Win32
		{68B6F2EF-2164-40AB-A7AA-161E8982E3CC}.Release|x64.ActiveCfg = Release|x64
		{68B6F2EF-2164-40AB-A7AA-161E8982E3CC}.Release|x64.Build.0 = Release|x64
		{68B6F2EF-2164-40AB-A7AA-161E8982E3CC}.Release|x86.ActiveCfg = Release|Win32
		{68B6F2EF-2164-40AB-A7AA-161E8982E3CC}.Release|x86.Build.0 = Release|Win32
	EndGlobalSection
	GlobalSection(SolutionProperties) = preSolution
		HideSolutionNode = FALSE
	EndGlobalSection
	GlobalSection(ExtensibilityGlobals) = postSolution
		SolutionGuid = {1A54260C-A832-4889-B86C-AE90CF67BA6D}
	EndGlobalSection
EndGlobal
